
Microsoft Visual Studio Solution File, Format Version 12.00
# Visual Studio Version 16
VisualStudioVersion = 16.0.30711.63
MinimumVisualStudioVersion = 10.0.40219.1
Project("{9A19103F-16F7-4668-BE54-9A1E7A4F7556}") = "InterProcessCommunication", "InterProcessCommunication.csproj", "{FBBD9184-1739-4FCF-9AFD-593DC78D763F}"
EndProject
Project("{E53339B2-1760-4266-BCC7-CA923CBCF16C}") = "docker-compose", "docker-compose.dcproj", "{1749734C-76FC-4E8B-8300-5F8AE1808928}"
EndProject
Global
	GlobalSection(SolutionConfigurationPlatforms) = preSolution
		Debug|Any CPU = Debug|Any CPU
		Release|Any CPU = Release|Any CPU
	EndGlobalSection
	GlobalSection(ProjectConfigurationPlatforms) = postSolution
		{FBBD9184-1739-4FCF-9AFD-593DC78D763F}.Debug|Any CPU.ActiveCfg = Debug|Any CPU
		{FBBD9184-1739-4FCF-9AFD-593DC78D763F}.Debug|Any CPU.Build.0 = Debug|Any CPU
		{FBBD9184-1739-4FCF-9AFD-593DC78D763F}.Release|Any CPU.ActiveCfg = Release|Any CPU
		{FBBD9184-1739-4FCF-9AFD-593DC78D763F}.Release|Any CPU.Build.0 = Release|Any CPU
		{1749734C-76FC-4E8B-8300-5F8AE1808928}.Debug|Any CPU.ActiveCfg = Debug|Any CPU
		{1749734C-76FC-4E8B-8300-5F8AE1808928}.Debug|Any CPU.Build.0 = Debug|Any CPU
		{1749734C-76FC-4E8B-8300-5F8AE1808928}.Release|Any CPU.ActiveCfg = Release|Any CPU
		{1749734C-76FC-4E8B-8300-5F8AE1808928}.Release|Any CPU.Build.0 = Release|Any CPU
	EndGlobalSection
	GlobalSection(SolutionProperties) = preSolution
		HideSolutionNode = FALSE
	EndGlobalSection
	GlobalSection(ExtensibilityGlobals) = postSolution
		SolutionGuid = {407AFD03-D2BD-46BA-B840-202C0DBB3E81}
	EndGlobalSection
EndGlobal
